// !$*UTF8*$!
{
	archiveVersion = 1;
	classes = {
	};
	objectVersion = 46;
	objects = {

/* Begin PBXBuildFile section */
		661473B51D41F50200641641 /* main.m in Sources */ = {isa = PBXBuildFile; fileRef = 661473B41D41F50200641641 /* main.m */; };
		661473B81D41F50200641641 /* AppDelegate.m in Sources */ = {isa = PBXBuildFile; fileRef = 661473B71D41F50200641641 /* AppDelegate.m */; };
		661473BB1D41F50200641641 /* ViewController.m in Sources */ = {isa = PBXBuildFile; fileRef = 661473BA1D41F50200641641 /* ViewController.m */; };
		661473C01D41F50200641641 /* Assets.xcassets in Resources */ = {isa = PBXBuildFile; fileRef = 661473BF1D41F50200641641 /* Assets.xcassets */; };
		661473C31D41F50200641641 /* LaunchScreen.storyboard in Resources */ = {isa = PBXBuildFile; fileRef = 661473C11D41F50200641641 /* LaunchScreen.storyboard */; };
		661473CE1D41F50200641641 /* _1_Coding_IOS_UtilTests.m in Sources */ = {isa = PBXBuildFile; fileRef = 661473CD1D41F50200641641 /* _1_Coding_IOS_UtilTests.m */; };
		661473D91D41F50200641641 /* _1_Coding_IOS_UtilUITests.m in Sources */ = {isa = PBXBuildFile; fileRef = 661473D81D41F50200641641 /* _1_Coding_IOS_UtilUITests.m */; };
		661474191D41F57900641641 /* NSDate+Common.m in Sources */ = {isa = PBXBuildFile; fileRef = 661473E81D41F57900641641 /* NSDate+Common.m */; };
		6614741A1D41F57900641641 /* NSDate+convenience.m in Sources */ = {isa = PBXBuildFile; fileRef = 661473EA1D41F57900641641 /* NSDate+convenience.m */; };
		6614741B1D41F57900641641 /* NSObject+Common.m in Sources */ = {isa = PBXBuildFile; fileRef = 661473EC1D41F57900641641 /* NSObject+Common.m */; };
		6614741C1D41F57900641641 /* NSObject+ObjectMap.m in Sources */ = {isa = PBXBuildFile; fileRef = 661473EE1D41F57900641641 /* NSObject+ObjectMap.m */; };
		6614741D1D41F57900641641 /* NSString+Common.m in Sources */ = {isa = PBXBuildFile; fileRef = 661473F01D41F57900641641 /* NSString+Common.m */; };
		6614741E1D41F57900641641 /* UIBarButtonItem+Common.m in Sources */ = {isa = PBXBuildFile; fileRef = 661473F21D41F57900641641 /* UIBarButtonItem+Common.m */; };
		6614741F1D41F57900641641 /* UIButton+Bootstrap.m in Sources */ = {isa = PBXBuildFile; fileRef = 661473F41D41F57900641641 /* UIButton+Bootstrap.m */; };
		661474201D41F57900641641 /* UIButton+Common.m in Sources */ = {isa = PBXBuildFile; fileRef = 661473F61D41F57900641641 /* UIButton+Common.m */; };
		661474211D41F57900641641 /* UIColor+expanded.m in Sources */ = {isa = PBXBuildFile; fileRef = 661473F81D41F57900641641 /* UIColor+expanded.m */; };
		661474221D41F57900641641 /* UIDevice+Info.m in Sources */ = {isa = PBXBuildFile; fileRef = 661473FA1D41F57900641641 /* UIDevice+Info.m */; };
		661474231D41F57900641641 /* UIImage+Common.m in Sources */ = {isa = PBXBuildFile; fileRef = 661473FC1D41F57900641641 /* UIImage+Common.m */; };
		661474241D41F57900641641 /* UILabel+Common.m in Sources */ = {isa = PBXBuildFile; fileRef = 661473FE1D41F57900641641 /* UILabel+Common.m */; };
		661474251D41F57900641641 /* UITableView+Common.m in Sources */ = {isa = PBXBuildFile; fileRef = 661474001D41F57900641641 /* UITableView+Common.m */; };
		661474261D41F57900641641 /* UIView+Common.m in Sources */ = {isa = PBXBuildFile; fileRef = 661474021D41F57900641641 /* UIView+Common.m */; };
		661474271D41F57900641641 /* UIViewController+Swizzle.m in Sources */ = {isa = PBXBuildFile; fileRef = 661474041D41F57900641641 /* UIViewController+Swizzle.m */; };
		661474281D41F57900641641 /* UIActionSheet+Common.m in Sources */ = {isa = PBXBuildFile; fileRef = 661474061D41F57900641641 /* UIActionSheet+Common.m */; };
		661474291D41F57900641641 /* UIActionSheet+Front.m in Sources */ = {isa = PBXBuildFile; fileRef = 661474081D41F57900641641 /* UIActionSheet+Front.m */; };
		6614742A1D41F57900641641 /* NSURL+Common.m in Sources */ = {isa = PBXBuildFile; fileRef = 6614740A1D41F57900641641 /* NSURL+Common.m */; };
		6614742B1D41F57900641641 /* UISearchBar+Common.m in Sources */ = {isa = PBXBuildFile; fileRef = 6614740C1D41F57900641641 /* UISearchBar+Common.m */; };
		6614742C1D41F57900641641 /* NSTimer+Common.m in Sources */ = {isa = PBXBuildFile; fileRef = 6614740E1D41F57900641641 /* NSTimer+Common.m */; };
		6614742D1D41F57900641641 /* NSMutableString+Common.m in Sources */ = {isa = PBXBuildFile; fileRef = 661474101D41F57900641641 /* NSMutableString+Common.m */; };
		6614742E1D41F57900641641 /* UIView+PressMenu.m in Sources */ = {isa = PBXBuildFile; fileRef = 661474121D41F57900641641 /* UIView+PressMenu.m */; };
		6614742F1D41F57900641641 /* UIView+Frame.m in Sources */ = {isa = PBXBuildFile; fileRef = 661474141D41F57900641641 /* UIView+Frame.m */; };
		661474301D41F57900641641 /* NSString+Attribute.m in Sources */ = {isa = PBXBuildFile; fileRef = 661474161D41F57900641641 /* NSString+Attribute.m */; };
		661474311D41F57900641641 /* UIViewController+BackButtonHandler.m in Sources */ = {isa = PBXBuildFile; fileRef = 661474181D41F57900641641 /* UIViewController+BackButtonHandler.m */; };
		661474391D41F5F300641641 /* DownMenuCell.m in Sources */ = {isa = PBXBuildFile; fileRef = 661474341D41F5F300641641 /* DownMenuCell.m */; };
		6614743A1D41F5F300641641 /* UIDownMenuButton.m in Sources */ = {isa = PBXBuildFile; fileRef = 661474361D41F5F300641641 /* UIDownMenuButton.m */; };
		6614743B1D41F5F300641641 /* UIViewController+DownMenu.m in Sources */ = {isa = PBXBuildFile; fileRef = 661474381D41F5F300641641 /* UIViewController+DownMenu.m */; };
		661474401D41F65500641641 /* NSDate+Helper.m in Sources */ = {isa = PBXBuildFile; fileRef = 6614743E1D41F65500641641 /* NSDate+Helper.m */; };
		661474411D41F65500641641 /* README.textile in Resources */ = {isa = PBXBuildFile; fileRef = 6614743F1D41F65500641641 /* README.textile */; };
		661474461D41F99C00641641 /* NSString+Emojize.m in Sources */ = {isa = PBXBuildFile; fileRef = 661474451D41F99C00641641 /* NSString+Emojize.m */; };
		664426791D45E7DD00B90357 /* BasicPreviewItem.m in Sources */ = {isa = PBXBuildFile; fileRef = 6644265E1D45E7DD00B90357 /* BasicPreviewItem.m */; };
		6644267A1D45E7DD00B90357 /* EaseGitButton.m in Sources */ = {isa = PBXBuildFile; fileRef = 664426601D45E7DD00B90357 /* EaseGitButton.m */; };
		6644267B1D45E7DD00B90357 /* EaseGitButtonsView.m in Sources */ = {isa = PBXBuildFile; fileRef = 664426621D45E7DD00B90357 /* EaseGitButtonsView.m */; };
		6644267C1D45E7DD00B90357 /* EaseToolBar.m in Sources */ = {isa = PBXBuildFile; fileRef = 664426641D45E7DD00B90357 /* EaseToolBar.m */; };
		6644267D1D45E7DD00B90357 /* Helper.m in Sources */ = {isa = PBXBuildFile; fileRef = 664426661D45E7DD00B90357 /* Helper.m */; };
		6644267E1D45E7DD00B90357 /* LocationHelper.m in Sources */ = {isa = PBXBuildFile; fileRef = 664426681D45E7DD00B90357 /* LocationHelper.m */; };
		6644267F1D45E7DD00B90357 /* UIBadgeView.m in Sources */ = {isa = PBXBuildFile; fileRef = 6644266A1D45E7DD00B90357 /* UIBadgeView.m */; };
		664426801D45E7DD00B90357 /* UICustomCollectionView.m in Sources */ = {isa = PBXBuildFile; fileRef = 6644266C1D45E7DD00B90357 /* UICustomCollectionView.m */; };
		664426811D45E7DD00B90357 /* UILongPressMenuImageView.m in Sources */ = {isa = PBXBuildFile; fileRef = 6644266E1D45E7DD00B90357 /* UILongPressMenuImageView.m */; };
		664426821D45E7DD00B90357 /* UIPlaceHolderTextView.m in Sources */ = {isa = PBXBuildFile; fileRef = 664426701D45E7DD00B90357 /* UIPlaceHolderTextView.m */; };
		664426831D45E7DD00B90357 /* UITapImageView.m in Sources */ = {isa = PBXBuildFile; fileRef = 664426721D45E7DD00B90357 /* UITapImageView.m */; };
		664426841D45E7DD00B90357 /* UITTTAttributedLabel.m in Sources */ = {isa = PBXBuildFile; fileRef = 664426741D45E7DD00B90357 /* UITTTAttributedLabel.m */; };
		664426851D45E7DD00B90357 /* UIUnderlinedButton.m in Sources */ = {isa = PBXBuildFile; fileRef = 664426761D45E7DD00B90357 /* UIUnderlinedButton.m */; };
		664426861D45E7DD00B90357 /* UIVerticalAlignmentLabel.m in Sources */ = {isa = PBXBuildFile; fileRef = 664426781D45E7DD00B90357 /* UIVerticalAlignmentLabel.m */; };
		6644268A1D45E96000B90357 /* ImageSizeManager.m in Sources */ = {isa = PBXBuildFile; fileRef = 664426891D45E96000B90357 /* ImageSizeManager.m */; };
		6644268D1D4602FE00B90357 /* MBProgressHUD+Add.m in Sources */ = {isa = PBXBuildFile; fileRef = 6644268C1D4602FE00B90357 /* MBProgressHUD+Add.m */; };
		664426911D460FA200B90357 /* NSDateTestController.m in Sources */ = {isa = PBXBuildFile; fileRef = 664426901D460FA200B90357 /* NSDateTestController.m */; };
		B8E31AB3EC24D501D7208E6D /* libPods-01-Coding_IOS_Util.a in Frameworks */ = {isa = PBXBuildFile; fileRef = 793048FC47DC5C455635707D /* libPods-01-Coding_IOS_Util.a */; };
/* End PBXBuildFile section */

/* Begin PBXContainerItemProxy section */
		661473CA1D41F50200641641 /* PBXContainerItemProxy */ = {
			isa = PBXContainerItemProxy;
			containerPortal = 661473A81D41F50100641641 /* Project object */;
			proxyType = 1;
			remoteGlobalIDString = 661473AF1D41F50100641641;
			remoteInfo = "01-Coding_IOS_Util";
		};
		661473D51D41F50200641641 /* PBXContainerItemProxy */ = {
			isa = PBXContainerItemProxy;
			containerPortal = 661473A81D41F50100641641 /* Project object */;
			proxyType = 1;
			remoteGlobalIDString = 661473AF1D41F50100641641;
			remoteInfo = "01-Coding_IOS_Util";
		};
/* End PBXContainerItemProxy section */

/* Begin PBXFileReference section */
		25EBADEBFEC588611E99793B /* Pods-01-Coding_IOS_Util.release.xcconfig */ = {isa = PBXFileReference; includeInIndex = 1; lastKnownFileType = text.xcconfig; name = "Pods-01-Coding_IOS_Util.release.xcconfig"; path = "Pods/Target Support Files/Pods-01-Coding_IOS_Util/Pods-01-Coding_IOS_Util.release.xcconfig"; sourceTree = "<group>"; };
		661473B01D41F50100641641 /* 01-Coding_IOS_Util.app */ = {isa = PBXFileReference; explicitFileType = wrapper.application; includeInIndex = 0; path = "01-Coding_IOS_Util.app"; sourceTree = BUILT_PRODUCTS_DIR; };
		661473B41D41F50200641641 /* main.m */ = {isa = PBXFileReference; lastKnownFileType = sourcecode.c.objc; path = main.m; sourceTree = "<group>"; };
		661473B61D41F50200641641 /* AppDelegate.h */ = {isa = PBXFileReference; lastKnownFileType = sourcecode.c.h; path = AppDelegate.h; sourceTree = "<group>"; };
		661473B71D41F50200641641 /* AppDelegate.m */ = {isa = PBXFileReference; lastKnownFileType = sourcecode.c.objc; path = AppDelegate.m; sourceTree = "<group>"; };
		661473B91D41F50200641641 /* ViewController.h */ = {isa = PBXFileReference; lastKnownFileType = sourcecode.c.h; path = ViewController.h; sourceTree = "<group>"; };
		661473BA1D41F50200641641 /* ViewController.m */ = {isa = PBXFileReference; lastKnownFileType = sourcecode.c.objc; path = ViewController.m; sourceTree = "<group>"; };
		661473BF1D41F50200641641 /* Assets.xcassets */ = {isa = PBXFileReference; lastKnownFileType = folder.assetcatalog; path = Assets.xcassets; sourceTree = "<group>"; };
		661473C21D41F50200641641 /* Base */ = {isa = PBXFileReference; lastKnownFileType = file.storyboard; name = Base; path = Base.lproj/LaunchScreen.storyboard; sourceTree = "<group>"; };
		661473C41D41F50200641641 /* Info.plist */ = {isa = PBXFileReference; lastKnownFileType = text.plist.xml; path = Info.plist; sourceTree = "<group>"; };
		661473C91D41F50200641641 /* 01-Coding_IOS_UtilTests.xctest */ = {isa = PBXFileReference; explicitFileType = wrapper.cfbundle; includeInIndex = 0; path = "01-Coding_IOS_UtilTests.xctest"; sourceTree = BUILT_PRODUCTS_DIR; };
		661473CD1D41F50200641641 /* _1_Coding_IOS_UtilTests.m */ = {isa = PBXFileReference; lastKnownFileType = sourcecode.c.objc; path = _1_Coding_IOS_UtilTests.m; sourceTree = "<group>"; };
		661473CF1D41F50200641641 /* Info.plist */ = {isa = PBXFileReference; lastKnownFileType = text.plist.xml; path = Info.plist; sourceTree = "<group>"; };
		661473D41D41F50200641641 /* 01-Coding_IOS_UtilUITests.xctest */ = {isa = PBXFileReference; explicitFileType = wrapper.cfbundle; includeInIndex = 0; path = "01-Coding_IOS_UtilUITests.xctest"; sourceTree = BUILT_PRODUCTS_DIR; };
		661473D81D41F50200641641 /* _1_Coding_IOS_UtilUITests.m */ = {isa = PBXFileReference; lastKnownFileType = sourcecode.c.objc; path = _1_Coding_IOS_UtilUITests.m; sourceTree = "<group>"; };
		661473DA1D41F50200641641 /* Info.plist */ = {isa = PBXFileReference; lastKnownFileType = text.plist.xml; path = Info.plist; sourceTree = "<group>"; };
		661473E71D41F57900641641 /* NSDate+Common.h */ = {isa = PBXFileReference; fileEncoding = 4; lastKnownFileType = sourcecode.c.h; path = "NSDate+Common.h"; sourceTree = "<group>"; };
		661473E81D41F57900641641 /* NSDate+Common.m */ = {isa = PBXFileReference; fileEncoding = 4; lastKnownFileType = sourcecode.c.objc; path = "NSDate+Common.m"; sourceTree = "<group>"; };
		661473E91D41F57900641641 /* NSDate+convenience.h */ = {isa = PBXFileReference; fileEncoding = 4; lastKnownFileType = sourcecode.c.h; path = "NSDate+convenience.h"; sourceTree = "<group>"; };
		661473EA1D41F57900641641 /* NSDate+convenience.m */ = {isa = PBXFileReference; fileEncoding = 4; lastKnownFileType = sourcecode.c.objc; path = "NSDate+convenience.m"; sourceTree = "<group>"; };
		661473EB1D41F57900641641 /* NSObject+Common.h */ = {isa = PBXFileReference; fileEncoding = 4; lastKnownFileType = sourcecode.c.h; path = "NSObject+Common.h"; sourceTree = "<group>"; };
		661473EC1D41F57900641641 /* NSObject+Common.m */ = {isa = PBXFileReference; fileEncoding = 4; lastKnownFileType = sourcecode.c.objc; path = "NSObject+Common.m"; sourceTree = "<group>"; };
		661473ED1D41F57900641641 /* NSObject+ObjectMap.h */ = {isa = PBXFileReference; fileEncoding = 4; lastKnownFileType = sourcecode.c.h; path = "NSObject+ObjectMap.h"; sourceTree = "<group>"; };
		661473EE1D41F57900641641 /* NSObject+ObjectMap.m */ = {isa = PBXFileReference; fileEncoding = 4; lastKnownFileType = sourcecode.c.objc; path = "NSObject+ObjectMap.m"; sourceTree = "<group>"; };
		661473EF1D41F57900641641 /* NSString+Common.h */ = {isa = PBXFileReference; fileEncoding = 4; lastKnownFileType = sourcecode.c.h; path = "NSString+Common.h"; sourceTree = "<group>"; };
		661473F01D41F57900641641 /* NSString+Common.m */ = {isa = PBXFileReference; fileEncoding = 4; lastKnownFileType = sourcecode.c.objc; path = "NSString+Common.m"; sourceTree = "<group>"; };
		661473F11D41F57900641641 /* UIBarButtonItem+Common.h */ = {isa = PBXFileReference; fileEncoding = 4; lastKnownFileType = sourcecode.c.h; path = "UIBarButtonItem+Common.h"; sourceTree = "<group>"; };
		661473F21D41F57900641641 /* UIBarButtonItem+Common.m */ = {isa = PBXFileReference; fileEncoding = 4; lastKnownFileType = sourcecode.c.objc; path = "UIBarButtonItem+Common.m"; sourceTree = "<group>"; };
		661473F31D41F57900641641 /* UIButton+Bootstrap.h */ = {isa = PBXFileReference; fileEncoding = 4; lastKnownFileType = sourcecode.c.h; path = "UIButton+Bootstrap.h"; sourceTree = "<group>"; };
		661473F41D41F57900641641 /* UIButton+Bootstrap.m */ = {isa = PBXFileReference; fileEncoding = 4; lastKnownFileType = sourcecode.c.objc; path = "UIButton+Bootstrap.m"; sourceTree = "<group>"; };
		661473F51D41F57900641641 /* UIButton+Common.h */ = {isa = PBXFileReference; fileEncoding = 4; lastKnownFileType = sourcecode.c.h; path = "UIButton+Common.h"; sourceTree = "<group>"; };
		661473F61D41F57900641641 /* UIButton+Common.m */ = {isa = PBXFileReference; fileEncoding = 4; lastKnownFileType = sourcecode.c.objc; path = "UIButton+Common.m"; sourceTree = "<group>"; };
		661473F71D41F57900641641 /* UIColor+expanded.h */ = {isa = PBXFileReference; fileEncoding = 4; lastKnownFileType = sourcecode.c.h; path = "UIColor+expanded.h"; sourceTree = "<group>"; };
		661473F81D41F57900641641 /* UIColor+expanded.m */ = {isa = PBXFileReference; fileEncoding = 4; lastKnownFileType = sourcecode.c.objc; path = "UIColor+expanded.m"; sourceTree = "<group>"; };
		661473F91D41F57900641641 /* UIDevice+Info.h */ = {isa = PBXFileReference; fileEncoding = 4; lastKnownFileType = sourcecode.c.h; path = "UIDevice+Info.h"; sourceTree = "<group>"; };
		661473FA1D41F57900641641 /* UIDevice+Info.m */ = {isa = PBXFileReference; fileEncoding = 4; lastKnownFileType = sourcecode.c.objc; path = "UIDevice+Info.m"; sourceTree = "<group>"; };
		661473FB1D41F57900641641 /* UIImage+Common.h */ = {isa = PBXFileReference; fileEncoding = 4; lastKnownFileType = sourcecode.c.h; path = "UIImage+Common.h"; sourceTree = "<group>"; };
		661473FC1D41F57900641641 /* UIImage+Common.m */ = {isa = PBXFileReference; fileEncoding = 4; lastKnownFileType = sourcecode.c.objc; path = "UIImage+Common.m"; sourceTree = "<group>"; };
		661473FD1D41F57900641641 /* UILabel+Common.h */ = {isa = PBXFileReference; fileEncoding = 4; lastKnownFileType = sourcecode.c.h; path = "UILabel+Common.h"; sourceTree = "<group>"; };
		661473FE1D41F57900641641 /* UILabel+Common.m */ = {isa = PBXFileReference; fileEncoding = 4; lastKnownFileType = sourcecode.c.objc; path = "UILabel+Common.m"; sourceTree = "<group>"; };
		661473FF1D41F57900641641 /* UITableView+Common.h */ = {isa = PBXFileReference; fileEncoding = 4; lastKnownFileType = sourcecode.c.h; path = "UITableView+Common.h"; sourceTree = "<group>"; };
		661474001D41F57900641641 /* UITableView+Common.m */ = {isa = PBXFileReference; fileEncoding = 4; lastKnownFileType = sourcecode.c.objc; path = "UITableView+Common.m"; sourceTree = "<group>"; };
		661474011D41F57900641641 /* UIView+Common.h */ = {isa = PBXFileReference; fileEncoding = 4; lastKnownFileType = sourcecode.c.h; path = "UIView+Common.h"; sourceTree = "<group>"; };
		661474021D41F57900641641 /* UIView+Common.m */ = {isa = PBXFileReference; fileEncoding = 4; lastKnownFileType = sourcecode.c.objc; path = "UIView+Common.m"; sourceTree = "<group>"; };
		661474031D41F57900641641 /* UIViewController+Swizzle.h */ = {isa = PBXFileReference; fileEncoding = 4; lastKnownFileType = sourcecode.c.h; path = "UIViewController+Swizzle.h"; sourceTree = "<group>"; };
		661474041D41F57900641641 /* UIViewController+Swizzle.m */ = {isa = PBXFileReference; fileEncoding = 4; lastKnownFileType = sourcecode.c.objc; path = "UIViewController+Swizzle.m"; sourceTree = "<group>"; };
		661474051D41F57900641641 /* UIActionSheet+Common.h */ = {isa = PBXFileReference; fileEncoding = 4; lastKnownFileType = sourcecode.c.h; path = "UIActionSheet+Common.h"; sourceTree = "<group>"; };
		661474061D41F57900641641 /* UIActionSheet+Common.m */ = {isa = PBXFileReference; fileEncoding = 4; lastKnownFileType = sourcecode.c.objc; path = "UIActionSheet+Common.m"; sourceTree = "<group>"; };
		661474071D41F57900641641 /* UIActionSheet+Front.h */ = {isa = PBXFileReference; fileEncoding = 4; lastKnownFileType = sourcecode.c.h; path = "UIActionSheet+Front.h"; sourceTree = "<group>"; };
		661474081D41F57900641641 /* UIActionSheet+Front.m */ = {isa = PBXFileReference; fileEncoding = 4; lastKnownFileType = sourcecode.c.objc; path = "UIActionSheet+Front.m"; sourceTree = "<group>"; };
		661474091D41F57900641641 /* NSURL+Common.h */ = {isa = PBXFileReference; fileEncoding = 4; lastKnownFileType = sourcecode.c.h; path = "NSURL+Common.h"; sourceTree = "<group>"; };
		6614740A1D41F57900641641 /* NSURL+Common.m */ = {isa = PBXFileReference; fileEncoding = 4; lastKnownFileType = sourcecode.c.objc; path = "NSURL+Common.m"; sourceTree = "<group>"; };
		6614740B1D41F57900641641 /* UISearchBar+Common.h */ = {isa = PBXFileReference; fileEncoding = 4; lastKnownFileType = sourcecode.c.h; path = "UISearchBar+Common.h"; sourceTree = "<group>"; };
		6614740C1D41F57900641641 /* UISearchBar+Common.m */ = {isa = PBXFileReference; fileEncoding = 4; lastKnownFileType = sourcecode.c.objc; path = "UISearchBar+Common.m"; sourceTree = "<group>"; };
		6614740D1D41F57900641641 /* NSTimer+Common.h */ = {isa = PBXFileReference; fileEncoding = 4; lastKnownFileType = sourcecode.c.h; path = "NSTimer+Common.h"; sourceTree = "<group>"; };
		6614740E1D41F57900641641 /* NSTimer+Common.m */ = {isa = PBXFileReference; fileEncoding = 4; lastKnownFileType = sourcecode.c.objc; path = "NSTimer+Common.m"; sourceTree = "<group>"; };
		6614740F1D41F57900641641 /* NSMutableString+Common.h */ = {isa = PBXFileReference; fileEncoding = 4; lastKnownFileType = sourcecode.c.h; path = "NSMutableString+Common.h"; sourceTree = "<group>"; };
		661474101D41F57900641641 /* NSMutableString+Common.m */ = {isa = PBXFileReference; fileEncoding = 4; lastKnownFileType = sourcecode.c.objc; path = "NSMutableString+Common.m"; sourceTree = "<group>"; };
		661474111D41F57900641641 /* UIView+PressMenu.h */ = {isa = PBXFileReference; fileEncoding = 4; lastKnownFileType = sourcecode.c.h; path = "UIView+PressMenu.h"; sourceTree = "<group>"; };
		661474121D41F57900641641 /* UIView+PressMenu.m */ = {isa = PBXFileReference; fileEncoding = 4; lastKnownFileType = sourcecode.c.objc; path = "UIView+PressMenu.m"; sourceTree = "<group>"; };
		661474131D41F57900641641 /* UIView+Frame.h */ = {isa = PBXFileReference; fileEncoding = 4; lastKnownFileType = sourcecode.c.h; path = "UIView+Frame.h"; sourceTree = "<group>"; };
		661474141D41F57900641641 /* UIView+Frame.m */ = {isa = PBXFileReference; fileEncoding = 4; lastKnownFileType = sourcecode.c.objc; path = "UIView+Frame.m"; sourceTree = "<group>"; };
		661474151D41F57900641641 /* NSString+Attribute.h */ = {isa = PBXFileReference; fileEncoding = 4; lastKnownFileType = sourcecode.c.h; path = "NSString+Attribute.h"; sourceTree = "<group>"; };
		661474161D41F57900641641 /* NSString+Attribute.m */ = {isa = PBXFileReference; fileEncoding = 4; lastKnownFileType = sourcecode.c.objc; path = "NSString+Attribute.m"; sourceTree = "<group>"; };
		661474171D41F57900641641 /* UIViewController+BackButtonHandler.h */ = {isa = PBXFileReference; fileEncoding = 4; lastKnownFileType = sourcecode.c.h; path = "UIViewController+BackButtonHandler.h"; sourceTree = "<group>"; };
		661474181D41F57900641641 /* UIViewController+BackButtonHandler.m */ = {isa = PBXFileReference; fileEncoding = 4; lastKnownFileType = sourcecode.c.objc; path = "UIViewController+BackButtonHandler.m"; sourceTree = "<group>"; };
		661474331D41F5F300641641 /* DownMenuCell.h */ = {isa = PBXFileReference; fileEncoding = 4; lastKnownFileType = sourcecode.c.h; path = DownMenuCell.h; sourceTree = "<group>"; };
		661474341D41F5F300641641 /* DownMenuCell.m */ = {isa = PBXFileReference; fileEncoding = 4; lastKnownFileType = sourcecode.c.objc; path = DownMenuCell.m; sourceTree = "<group>"; };
		661474351D41F5F300641641 /* UIDownMenuButton.h */ = {isa = PBXFileReference; fileEncoding = 4; lastKnownFileType = sourcecode.c.h; path = UIDownMenuButton.h; sourceTree = "<group>"; };
		661474361D41F5F300641641 /* UIDownMenuButton.m */ = {isa = PBXFileReference; fileEncoding = 4; lastKnownFileType = sourcecode.c.objc; path = UIDownMenuButton.m; sourceTree = "<group>"; };
		661474371D41F5F300641641 /* UIViewController+DownMenu.h */ = {isa = PBXFileReference; fileEncoding = 4; lastKnownFileType = sourcecode.c.h; path = "UIViewController+DownMenu.h"; sourceTree = "<group>"; };
		661474381D41F5F300641641 /* UIViewController+DownMenu.m */ = {isa = PBXFileReference; fileEncoding = 4; lastKnownFileType = sourcecode.c.objc; path = "UIViewController+DownMenu.m"; sourceTree = "<group>"; };
		6614743D1D41F65500641641 /* NSDate+Helper.h */ = {isa = PBXFileReference; fileEncoding = 4; lastKnownFileType = sourcecode.c.h; path = "NSDate+Helper.h"; sourceTree = "<group>"; };
		6614743E1D41F65500641641 /* NSDate+Helper.m */ = {isa = PBXFileReference; fileEncoding = 4; lastKnownFileType = sourcecode.c.objc; path = "NSDate+Helper.m"; sourceTree = "<group>"; };
		6614743F1D41F65500641641 /* README.textile */ = {isa = PBXFileReference; fileEncoding = 4; lastKnownFileType = text; path = README.textile; sourceTree = "<group>"; };
		661474431D41F99C00641641 /* emojis.h */ = {isa = PBXFileReference; fileEncoding = 4; lastKnownFileType = sourcecode.c.h; path = emojis.h; sourceTree = "<group>"; };
		661474441D41F99C00641641 /* NSString+Emojize.h */ = {isa = PBXFileReference; fileEncoding = 4; lastKnownFileType = sourcecode.c.h; path = "NSString+Emojize.h"; sourceTree = "<group>"; };
		661474451D41F99C00641641 /* NSString+Emojize.m */ = {isa = PBXFileReference; fileEncoding = 4; lastKnownFileType = sourcecode.c.objc; path = "NSString+Emojize.m"; sourceTree = "<group>"; };
		661474471D41FA1C00641641 /* Coding_iOS-Prefix.pch */ = {isa = PBXFileReference; fileEncoding = 4; lastKnownFileType = sourcecode.c.h; path = "Coding_iOS-Prefix.pch"; sourceTree = "<group>"; };
		6644265D1D45E7DD00B90357 /* BasicPreviewItem.h */ = {isa = PBXFileReference; fileEncoding = 4; lastKnownFileType = sourcecode.c.h; path = BasicPreviewItem.h; sourceTree = "<group>"; };
		6644265E1D45E7DD00B90357 /* BasicPreviewItem.m */ = {isa = PBXFileReference; fileEncoding = 4; lastKnownFileType = sourcecode.c.objc; path = BasicPreviewItem.m; sourceTree = "<group>"; };
		6644265F1D45E7DD00B90357 /* EaseGitButton.h */ = {isa = PBXFileReference; fileEncoding = 4; lastKnownFileType = sourcecode.c.h; path = EaseGitButton.h; sourceTree = "<group>"; };
		664426601D45E7DD00B90357 /* EaseGitButton.m */ = {isa = PBXFileReference; fileEncoding = 4; lastKnownFileType = sourcecode.c.objc; path = EaseGitButton.m; sourceTree = "<group>"; };
		664426611D45E7DD00B90357 /* EaseGitButtonsView.h */ = {isa = PBXFileReference; fileEncoding = 4; lastKnownFileType = sourcecode.c.h; path = EaseGitButtonsView.h; sourceTree = "<group>"; };
		664426621D45E7DD00B90357 /* EaseGitButtonsView.m */ = {isa = PBXFileReference; fileEncoding = 4; lastKnownFileType = sourcecode.c.objc; path = EaseGitButtonsView.m; sourceTree = "<group>"; };
		664426631D45E7DD00B90357 /* EaseToolBar.h */ = {isa = PBXFileReference; fileEncoding = 4; lastKnownFileType = sourcecode.c.h; path = EaseToolBar.h; sourceTree = "<group>"; };
		664426641D45E7DD00B90357 /* EaseToolBar.m */ = {isa = PBXFileReference; fileEncoding = 4; lastKnownFileType = sourcecode.c.objc; path = EaseToolBar.m; sourceTree = "<group>"; };
		664426651D45E7DD00B90357 /* Helper.h */ = {isa = PBXFileReference; fileEncoding = 4; lastKnownFileType = sourcecode.c.h; path = Helper.h; sourceTree = "<group>"; };
		664426661D45E7DD00B90357 /* Helper.m */ = {isa = PBXFileReference; fileEncoding = 4; lastKnownFileType = sourcecode.c.objc; path = Helper.m; sourceTree = "<group>"; };
		664426671D45E7DD00B90357 /* LocationHelper.h */ = {isa = PBXFileReference; fileEncoding = 4; lastKnownFileType = sourcecode.c.h; path = LocationHelper.h; sourceTree = "<group>"; };
		664426681D45E7DD00B90357 /* LocationHelper.m */ = {isa = PBXFileReference; fileEncoding = 4; lastKnownFileType = sourcecode.c.objc; path = LocationHelper.m; sourceTree = "<group>"; };
		664426691D45E7DD00B90357 /* UIBadgeView.h */ = {isa = PBXFileReference; fileEncoding = 4; lastKnownFileType = sourcecode.c.h; path = UIBadgeView.h; sourceTree = "<group>"; };
		6644266A1D45E7DD00B90357 /* UIBadgeView.m */ = {isa = PBXFileReference; fileEncoding = 4; lastKnownFileType = sourcecode.c.objc; path = UIBadgeView.m; sourceTree = "<group>"; };
		6644266B1D45E7DD00B90357 /* UICustomCollectionView.h */ = {isa = PBXFileReference; fileEncoding = 4; lastKnownFileType = sourcecode.c.h; path = UICustomCollectionView.h; sourceTree = "<group>"; };
		6644266C1D45E7DD00B90357 /* UICustomCollectionView.m */ = {isa = PBXFileReference; fileEncoding = 4; lastKnownFileType = sourcecode.c.objc; path = UICustomCollectionView.m; sourceTree = "<group>"; };
		6644266D1D45E7DD00B90357 /* UILongPressMenuImageView.h */ = {isa = PBXFileReference; fileEncoding = 4; lastKnownFileType = sourcecode.c.h; path = UILongPressMenuImageView.h; sourceTree = "<group>"; };
		6644266E1D45E7DD00B90357 /* UILongPressMenuImageView.m */ = {isa = PBXFileReference; fileEncoding = 4; lastKnownFileType = sourcecode.c.objc; path = UILongPressMenuImageView.m; sourceTree = "<group>"; };
		6644266F1D45E7DD00B90357 /* UIPlaceHolderTextView.h */ = {isa = PBXFileReference; fileEncoding = 4; lastKnownFileType = sourcecode.c.h; path = UIPlaceHolderTextView.h; sourceTree = "<group>"; };
		664426701D45E7DD00B90357 /* UIPlaceHolderTextView.m */ = {isa = PBXFileReference; fileEncoding = 4; lastKnownFileType = sourcecode.c.objc; path = UIPlaceHolderTextView.m; sourceTree = "<group>"; };
		664426711D45E7DD00B90357 /* UITapImageView.h */ = {isa = PBXFileReference; fileEncoding = 4; lastKnownFileType = sourcecode.c.h; path = UITapImageView.h; sourceTree = "<group>"; };
		664426721D45E7DD00B90357 /* UITapImageView.m */ = {isa = PBXFileReference; fileEncoding = 4; lastKnownFileType = sourcecode.c.objc; path = UITapImageView.m; sourceTree = "<group>"; };
		664426731D45E7DD00B90357 /* UITTTAttributedLabel.h */ = {isa = PBXFileReference; fileEncoding = 4; lastKnownFileType = sourcecode.c.h; path = UITTTAttributedLabel.h; sourceTree = "<group>"; };
		664426741D45E7DD00B90357 /* UITTTAttributedLabel.m */ = {isa = PBXFileReference; fileEncoding = 4; lastKnownFileType = sourcecode.c.objc; path = UITTTAttributedLabel.m; sourceTree = "<group>"; };
		664426751D45E7DD00B90357 /* UIUnderlinedButton.h */ = {isa = PBXFileReference; fileEncoding = 4; lastKnownFileType = sourcecode.c.h; path = UIUnderlinedButton.h; sourceTree = "<group>"; };
		664426761D45E7DD00B90357 /* UIUnderlinedButton.m */ = {isa = PBXFileReference; fileEncoding = 4; lastKnownFileType = sourcecode.c.objc; path = UIUnderlinedButton.m; sourceTree = "<group>"; };
		664426771D45E7DD00B90357 /* UIVerticalAlignmentLabel.h */ = {isa = PBXFileReference; fileEncoding = 4; lastKnownFileType = sourcecode.c.h; path = UIVerticalAlignmentLabel.h; sourceTree = "<group>"; };
		664426781D45E7DD00B90357 /* UIVerticalAlignmentLabel.m */ = {isa = PBXFileReference; fileEncoding = 4; lastKnownFileType = sourcecode.c.objc; path = UIVerticalAlignmentLabel.m; sourceTree = "<group>"; };
		664426881D45E96000B90357 /* ImageSizeManager.h */ = {isa = PBXFileReference; fileEncoding = 4; lastKnownFileType = sourcecode.c.h; path = ImageSizeManager.h; sourceTree = "<group>"; };
		664426891D45E96000B90357 /* ImageSizeManager.m */ = {isa = PBXFileReference; fileEncoding = 4; lastKnownFileType = sourcecode.c.objc; path = ImageSizeManager.m; sourceTree = "<group>"; };
		6644268B1D4602FE00B90357 /* MBProgressHUD+Add.h */ = {isa = PBXFileReference; fileEncoding = 4; lastKnownFileType = sourcecode.c.h; path = "MBProgressHUD+Add.h"; sourceTree = "<group>"; };
		6644268C1D4602FE00B90357 /* MBProgressHUD+Add.m */ = {isa = PBXFileReference; fileEncoding = 4; lastKnownFileType = sourcecode.c.objc; path = "MBProgressHUD+Add.m"; sourceTree = "<group>"; };
		6644268F1D460FA200B90357 /* NSDateTestController.h */ = {isa = PBXFileReference; fileEncoding = 4; lastKnownFileType = sourcecode.c.h; path = NSDateTestController.h; sourceTree = "<group>"; };
		664426901D460FA200B90357 /* NSDateTestController.m */ = {isa = PBXFileReference; fileEncoding = 4; lastKnownFileType = sourcecode.c.objc; path = NSDateTestController.m; sourceTree = "<group>"; };
		793048FC47DC5C455635707D /* libPods-01-Coding_IOS_Util.a */ = {isa = PBXFileReference; explicitFileType = archive.ar; includeInIndex = 0; path = "libPods-01-Coding_IOS_Util.a"; sourceTree = BUILT_PRODUCTS_DIR; };
		FB39BE3A6CBF46877F17DEE2 /* Pods-01-Coding_IOS_Util.debug.xcconfig */ = {isa = PBXFileReference; includeInIndex = 1; lastKnownFileType = text.xcconfig; name = "Pods-01-Coding_IOS_Util.debug.xcconfig"; path = "Pods/Target Support Files/Pods-01-Coding_IOS_Util/Pods-01-Coding_IOS_Util.debug.xcconfig"; sourceTree = "<group>"; };
/* End PBXFileReference section */

/* Begin PBXFrameworksBuildPhase section */
		661473AD1D41F50100641641 /* Frameworks */ = {
			isa = PBXFrameworksBuildPhase;
			buildActionMask = 2147483647;
			files = (
				B8E31AB3EC24D501D7208E6D /* libPods-01-Coding_IOS_Util.a in Frameworks */,
			);
			runOnlyForDeploymentPostprocessing = 0;
		};
		661473C61D41F50200641641 /* Frameworks */ = {
			isa = PBXFrameworksBuildPhase;
			buildActionMask = 2147483647;
			files = (
			);
			runOnlyForDeploymentPostprocessing = 0;
		};
		661473D11D41F50200641641 /* Frameworks */ = {
			isa = PBXFrameworksBuildPhase;
			buildActionMask = 2147483647;
			files = (
			);
			runOnlyForDeploymentPostprocessing = 0;
		};
/* End PBXFrameworksBuildPhase section */

/* Begin PBXGroup section */
		4D44272A6CC91B39D55A6A3A /* Frameworks */ = {
			isa = PBXGroup;
			children = (
				793048FC47DC5C455635707D /* libPods-01-Coding_IOS_Util.a */,
			);
			name = Frameworks;
			sourceTree = "<group>";
		};
		661473A71D41F50100641641 = {
			isa = PBXGroup;
			children = (
				661473B21D41F50200641641 /* 01-Coding_IOS_Util */,
				661473CC1D41F50200641641 /* 01-Coding_IOS_UtilTests */,
				661473D71D41F50200641641 /* 01-Coding_IOS_UtilUITests */,
				661473B11D41F50100641641 /* Products */,
				E1F8A8BD981A629A935087A7 /* Pods */,
				4D44272A6CC91B39D55A6A3A /* Frameworks */,
			);
			sourceTree = "<group>";
		};
		661473B11D41F50100641641 /* Products */ = {
			isa = PBXGroup;
			children = (
				661473B01D41F50100641641 /* 01-Coding_IOS_Util.app */,
				661473C91D41F50200641641 /* 01-Coding_IOS_UtilTests.xctest */,
				661473D41D41F50200641641 /* 01-Coding_IOS_UtilUITests.xctest */,
			);
			name = Products;
			sourceTree = "<group>";
		};
		661473B21D41F50200641641 /* 01-Coding_IOS_Util */ = {
			isa = PBXGroup;
			children = (
				6644268E1D460F5000B90357 /* Controllers */,
				661474421D41F99C00641641 /* NSStringEmojize */,
				6614743C1D41F65500641641 /* NSDate+Helper */,
				661473E61D41F55800641641 /* Util */,
				661473B61D41F50200641641 /* AppDelegate.h */,
				661473B71D41F50200641641 /* AppDelegate.m */,
				661473B91D41F50200641641 /* ViewController.h */,
				661473BA1D41F50200641641 /* ViewController.m */,
				661473BF1D41F50200641641 /* Assets.xcassets */,
				661473C11D41F50200641641 /* LaunchScreen.storyboard */,
				661473C41D41F50200641641 /* Info.plist */,
				661474471D41FA1C00641641 /* Coding_iOS-Prefix.pch */,
				661473B31D41F50200641641 /* Supporting Files */,
			);
			path = "01-Coding_IOS_Util";
			sourceTree = "<group>";
		};
		661473B31D41F50200641641 /* Supporting Files */ = {
			isa = PBXGroup;
			children = (
				661473B41D41F50200641641 /* main.m */,
			);
			name = "Supporting Files";
			sourceTree = "<group>";
		};
		661473CC1D41F50200641641 /* 01-Coding_IOS_UtilTests */ = {
			isa = PBXGroup;
			children = (
				661473CD1D41F50200641641 /* _1_Coding_IOS_UtilTests.m */,
				661473CF1D41F50200641641 /* Info.plist */,
			);
			path = "01-Coding_IOS_UtilTests";
			sourceTree = "<group>";
		};
		661473D71D41F50200641641 /* 01-Coding_IOS_UtilUITests */ = {
			isa = PBXGroup;
			children = (
				661473D81D41F50200641641 /* _1_Coding_IOS_UtilUITests.m */,
				661473DA1D41F50200641641 /* Info.plist */,
			);
			path = "01-Coding_IOS_UtilUITests";
			sourceTree = "<group>";
		};
		661473E61D41F55800641641 /* Util */ = {
			isa = PBXGroup;
			children = (
				664426871D45E96000B90357 /* Manager */,
				6644265C1D45E7DD00B90357 /* Common */,
				661474321D41F5F300641641 /* DownMenuViewController */,
				661473E71D41F57900641641 /* NSDate+Common.h */,
				661473E81D41F57900641641 /* NSDate+Common.m */,
				661473E91D41F57900641641 /* NSDate+convenience.h */,
				661473EA1D41F57900641641 /* NSDate+convenience.m */,
				661473EB1D41F57900641641 /* NSObject+Common.h */,
				661473EC1D41F57900641641 /* NSObject+Common.m */,
				661473ED1D41F57900641641 /* NSObject+ObjectMap.h */,
				661473EE1D41F57900641641 /* NSObject+ObjectMap.m */,
				661473EF1D41F57900641641 /* NSString+Common.h */,
				661473F01D41F57900641641 /* NSString+Common.m */,
				661473F11D41F57900641641 /* UIBarButtonItem+Common.h */,
				661473F21D41F57900641641 /* UIBarButtonItem+Common.m */,
				661473F31D41F57900641641 /* UIButton+Bootstrap.h */,
				661473F41D41F57900641641 /* UIButton+Bootstrap.m */,
				661473F51D41F57900641641 /* UIButton+Common.h */,
				661473F61D41F57900641641 /* UIButton+Common.m */,
				661473F71D41F57900641641 /* UIColor+expanded.h */,
				661473F81D41F57900641641 /* UIColor+expanded.m */,
				661473F91D41F57900641641 /* UIDevice+Info.h */,
				661473FA1D41F57900641641 /* UIDevice+Info.m */,
				661473FB1D41F57900641641 /* UIImage+Common.h */,
				661473FC1D41F57900641641 /* UIImage+Common.m */,
				661473FD1D41F57900641641 /* UILabel+Common.h */,
				661473FE1D41F57900641641 /* UILabel+Common.m */,
				661473FF1D41F57900641641 /* UITableView+Common.h */,
				661474001D41F57900641641 /* UITableView+Common.m */,
				661474011D41F57900641641 /* UIView+Common.h */,
				661474021D41F57900641641 /* UIView+Common.m */,
				661474031D41F57900641641 /* UIViewController+Swizzle.h */,
				661474041D41F57900641641 /* UIViewController+Swizzle.m */,
				661474051D41F57900641641 /* UIActionSheet+Common.h */,
				661474061D41F57900641641 /* UIActionSheet+Common.m */,
				661474071D41F57900641641 /* UIActionSheet+Front.h */,
				661474081D41F57900641641 /* UIActionSheet+Front.m */,
				661474091D41F57900641641 /* NSURL+Common.h */,
				6614740A1D41F57900641641 /* NSURL+Common.m */,
				6614740B1D41F57900641641 /* UISearchBar+Common.h */,
				6614740C1D41F57900641641 /* UISearchBar+Common.m */,
				6614740D1D41F57900641641 /* NSTimer+Common.h */,
				6614740E1D41F57900641641 /* NSTimer+Common.m */,
				6614740F1D41F57900641641 /* NSMutableString+Common.h */,
				661474101D41F57900641641 /* NSMutableString+Common.m */,
				661474111D41F57900641641 /* UIView+PressMenu.h */,
				661474121D41F57900641641 /* UIView+PressMenu.m */,
				661474131D41F57900641641 /* UIView+Frame.h */,
				661474141D41F57900641641 /* UIView+Frame.m */,
				661474151D41F57900641641 /* NSString+Attribute.h */,
				661474161D41F57900641641 /* NSString+Attribute.m */,
				661474171D41F57900641641 /* UIViewController+BackButtonHandler.h */,
				661474181D41F57900641641 /* UIViewController+BackButtonHandler.m */,
				6644268B1D4602FE00B90357 /* MBProgressHUD+Add.h */,
				6644268C1D4602FE00B90357 /* MBProgressHUD+Add.m */,
			);
			path = Util;
			sourceTree = "<group>";
		};
		661474321D41F5F300641641 /* DownMenuViewController */ = {
			isa = PBXGroup;
			children = (
				661474331D41F5F300641641 /* DownMenuCell.h */,
				661474341D41F5F300641641 /* DownMenuCell.m */,
				661474351D41F5F300641641 /* UIDownMenuButton.h */,
				661474361D41F5F300641641 /* UIDownMenuButton.m */,
				661474371D41F5F300641641 /* UIViewController+DownMenu.h */,
				661474381D41F5F300641641 /* UIViewController+DownMenu.m */,
			);
			path = DownMenuViewController;
			sourceTree = "<group>";
		};
		6614743C1D41F65500641641 /* NSDate+Helper */ = {
			isa = PBXGroup;
			children = (
				6614743D1D41F65500641641 /* NSDate+Helper.h */,
				6614743E1D41F65500641641 /* NSDate+Helper.m */,
				6614743F1D41F65500641641 /* README.textile */,
			);
			path = "NSDate+Helper";
			sourceTree = "<group>";
		};
		661474421D41F99C00641641 /* NSStringEmojize */ = {
			isa = PBXGroup;
			children = (
				661474431D41F99C00641641 /* emojis.h */,
				661474441D41F99C00641641 /* NSString+Emojize.h */,
				661474451D41F99C00641641 /* NSString+Emojize.m */,
			);
			path = NSStringEmojize;
			sourceTree = "<group>";
		};
		6644265C1D45E7DD00B90357 /* Common */ = {
			isa = PBXGroup;
			children = (
				6644265D1D45E7DD00B90357 /* BasicPreviewItem.h */,
				6644265E1D45E7DD00B90357 /* BasicPreviewItem.m */,
				6644265F1D45E7DD00B90357 /* EaseGitButton.h */,
				664426601D45E7DD00B90357 /* EaseGitButton.m */,
				664426611D45E7DD00B90357 /* EaseGitButtonsView.h */,
				664426621D45E7DD00B90357 /* EaseGitButtonsView.m */,
				664426631D45E7DD00B90357 /* EaseToolBar.h */,
				664426641D45E7DD00B90357 /* EaseToolBar.m */,
				664426651D45E7DD00B90357 /* Helper.h */,
				664426661D45E7DD00B90357 /* Helper.m */,
				664426671D45E7DD00B90357 /* LocationHelper.h */,
				664426681D45E7DD00B90357 /* LocationHelper.m */,
				664426691D45E7DD00B90357 /* UIBadgeView.h */,
				6644266A1D45E7DD00B90357 /* UIBadgeView.m */,
				6644266B1D45E7DD00B90357 /* UICustomCollectionView.h */,
				6644266C1D45E7DD00B90357 /* UICustomCollectionView.m */,
				6644266D1D45E7DD00B90357 /* UILongPressMenuImageView.h */,
				6644266E1D45E7DD00B90357 /* UILongPressMenuImageView.m */,
				6644266F1D45E7DD00B90357 /* UIPlaceHolderTextView.h */,
				664426701D45E7DD00B90357 /* UIPlaceHolderTextView.m */,
				664426711D45E7DD00B90357 /* UITapImageView.h */,
				664426721D45E7DD00B90357 /* UITapImageView.m */,
				664426731D45E7DD00B90357 /* UITTTAttributedLabel.h */,
				664426741D45E7DD00B90357 /* UITTTAttributedLabel.m */,
				664426751D45E7DD00B90357 /* UIUnderlinedButton.h */,
				664426761D45E7DD00B90357 /* UIUnderlinedButton.m */,
				664426771D45E7DD00B90357 /* UIVerticalAlignmentLabel.h */,
				664426781D45E7DD00B90357 /* UIVerticalAlignmentLabel.m */,
			);
			path = Common;
			sourceTree = "<group>";
		};
		664426871D45E96000B90357 /* Manager */ = {
			isa = PBXGroup;
			children = (
				664426881D45E96000B90357 /* ImageSizeManager.h */,
				664426891D45E96000B90357 /* ImageSizeManager.m */,
			);
			path = Manager;
			sourceTree = "<group>";
		};
		6644268E1D460F5000B90357 /* Controllers */ = {
			isa = PBXGroup;
			children = (
				6644268F1D460FA200B90357 /* NSDateTestController.h */,
				664426901D460FA200B90357 /* NSDateTestController.m */,
			);
			path = Controllers;
			sourceTree = "<group>";
		};
		E1F8A8BD981A629A935087A7 /* Pods */ = {
			isa = PBXGroup;
			children = (
				FB39BE3A6CBF46877F17DEE2 /* Pods-01-Coding_IOS_Util.debug.xcconfig */,
				25EBADEBFEC588611E99793B /* Pods-01-Coding_IOS_Util.release.xcconfig */,
			);
			name = Pods;
			sourceTree = "<group>";
		};
/* End PBXGroup section */

/* Begin PBXNativeTarget section */
		661473AF1D41F50100641641 /* 01-Coding_IOS_Util */ = {
			isa = PBXNativeTarget;
			buildConfigurationList = 661473DD1D41F50200641641 /* Build configuration list for PBXNativeTarget "01-Coding_IOS_Util" */;
			buildPhases = (
				9F6A656DAC93BD8B6B77E0AA /* Check Pods Manifest.lock */,
				661473AC1D41F50100641641 /* Sources */,
				661473AD1D41F50100641641 /* Frameworks */,
				661473AE1D41F50100641641 /* Resources */,
				2999EE431DB6200B7ADA4F5C /* Embed Pods Frameworks */,
				210ACF18202BB86FB63FE794 /* Copy Pods Resources */,
			);
			buildRules = (
			);
			dependencies = (
			);
			name = "01-Coding_IOS_Util";
			productName = "01-Coding_IOS_Util";
			productReference = 661473B01D41F50100641641 /* 01-Coding_IOS_Util.app */;
			productType = "com.apple.product-type.application";
		};
		661473C81D41F50200641641 /* 01-Coding_IOS_UtilTests */ = {
			isa = PBXNativeTarget;
			buildConfigurationList = 661473E01D41F50200641641 /* Build configuration list for PBXNativeTarget "01-Coding_IOS_UtilTests" */;
			buildPhases = (
				661473C51D41F50200641641 /* Sources */,
				661473C61D41F50200641641 /* Frameworks */,
				661473C71D41F50200641641 /* Resources */,
			);
			buildRules = (
			);
			dependencies = (
				661473CB1D41F50200641641 /* PBXTargetDependency */,
			);
			name = "01-Coding_IOS_UtilTests";
			productName = "01-Coding_IOS_UtilTests";
			productReference = 661473C91D41F50200641641 /* 01-Coding_IOS_UtilTests.xctest */;
			productType = "com.apple.product-type.bundle.unit-test";
		};
		661473D31D41F50200641641 /* 01-Coding_IOS_UtilUITests */ = {
			isa = PBXNativeTarget;
			buildConfigurationList = 661473E31D41F50200641641 /* Build configuration list for PBXNativeTarget "01-Coding_IOS_UtilUITests" */;
			buildPhases = (
				661473D01D41F50200641641 /* Sources */,
				661473D11D41F50200641641 /* Frameworks */,
				661473D21D41F50200641641 /* Resources */,
			);
			buildRules = (
			);
			dependencies = (
				661473D61D41F50200641641 /* PBXTargetDependency */,
			);
			name = "01-Coding_IOS_UtilUITests";
			productName = "01-Coding_IOS_UtilUITests";
			productReference = 661473D41D41F50200641641 /* 01-Coding_IOS_UtilUITests.xctest */;
			productType = "com.apple.product-type.bundle.ui-testing";
		};
/* End PBXNativeTarget section */

/* Begin PBXProject section */
		661473A81D41F50100641641 /* Project object */ = {
			isa = PBXProject;
			attributes = {
				LastUpgradeCheck = 0720;
				ORGANIZATIONNAME = lanfeng;
				TargetAttributes = {
					661473AF1D41F50100641641 = {
						CreatedOnToolsVersion = 7.2.1;
					};
					661473C81D41F50200641641 = {
						CreatedOnToolsVersion = 7.2.1;
						TestTargetID = 661473AF1D41F50100641641;
					};
					661473D31D41F50200641641 = {
						CreatedOnToolsVersion = 7.2.1;
						TestTargetID = 661473AF1D41F50100641641;
					};
				};
			};
			buildConfigurationList = 661473AB1D41F50100641641 /* Build configuration list for PBXProject "01-Coding_IOS_Util" */;
			compatibilityVersion = "Xcode 3.2";
			developmentRegion = English;
			hasScannedForEncodings = 0;
			knownRegions = (
				en,
				Base,
			);
			mainGroup = 661473A71D41F50100641641;
			productRefGroup = 661473B11D41F50100641641 /* Products */;
			projectDirPath = "";
			projectRoot = "";
			targets = (
				661473AF1D41F50100641641 /* 01-Coding_IOS_Util */,
				661473C81D41F50200641641 /* 01-Coding_IOS_UtilTests */,
				661473D31D41F50200641641 /* 01-Coding_IOS_UtilUITests */,
			);
		};
/* End PBXProject section */

/* Begin PBXResourcesBuildPhase section */
		661473AE1D41F50100641641 /* Resources */ = {
			isa = PBXResourcesBuildPhase;
			buildActionMask = 2147483647;
			files = (
				661473C31D41F50200641641 /* LaunchScreen.storyboard in Resources */,
				661474411D41F65500641641 /* README.textile in Resources */,
				661473C01D41F50200641641 /* Assets.xcassets in Resources */,
			);
			runOnlyForDeploymentPostprocessing = 0;
		};
		661473C71D41F50200641641 /* Resources */ = {
			isa = PBXResourcesBuildPhase;
			buildActionMask = 2147483647;
			files = (
			);
			runOnlyForDeploymentPostprocessing = 0;
		};
		661473D21D41F50200641641 /* Resources */ = {
			isa = PBXResourcesBuildPhase;
			buildActionMask = 2147483647;
			files = (
			);
			runOnlyForDeploymentPostprocessing = 0;
		};
/* End PBXResourcesBuildPhase section */

/* Begin PBXShellScriptBuildPhase section */
		210ACF18202BB86FB63FE794 /* Copy Pods Resources */ = {
			isa = PBXShellScriptBuildPhase;
			buildActionMask = 2147483647;
			files = (
			);
			inputPaths = (
			);
			name = "Copy Pods Resources";
			outputPaths = (
			);
			runOnlyForDeploymentPostprocessing = 0;
			shellPath = /bin/sh;
			shellScript = "\"${SRCROOT}/Pods/Target Support Files/Pods-01-Coding_IOS_Util/Pods-01-Coding_IOS_Util-resources.sh\"\n";
			showEnvVarsInLog = 0;
		};
		2999EE431DB6200B7ADA4F5C /* Embed Pods Frameworks */ = {
			isa = PBXShellScriptBuildPhase;
			buildActionMask = 2147483647;
			files = (
			);
			inputPaths = (
			);
			name = "Embed Pods Frameworks";
			outputPaths = (
			);
			runOnlyForDeploymentPostprocessing = 0;
			shellPath = /bin/sh;
			shellScript = "\"${SRCROOT}/Pods/Target Support Files/Pods-01-Coding_IOS_Util/Pods-01-Coding_IOS_Util-frameworks.sh\"\n";
			showEnvVarsInLog = 0;
		};
		9F6A656DAC93BD8B6B77E0AA /* Check Pods Manifest.lock */ = {
			isa = PBXShellScriptBuildPhase;
			buildActionMask = 2147483647;
			files = (
			);
			inputPaths = (
			);
			name = "Check Pods Manifest.lock";
			outputPaths = (
			);
			runOnlyForDeploymentPostprocessing = 0;
			shellPath = /bin/sh;
			shellScript = "diff \"${PODS_ROOT}/../Podfile.lock\" \"${PODS_ROOT}/Manifest.lock\" > /dev/null\nif [[ $? != 0 ]] ; then\n    cat << EOM\nerror: The sandbox is not in sync with the Podfile.lock. Run 'pod install' or update your CocoaPods installation.\nEOM\n    exit 1\nfi\n";
			showEnvVarsInLog = 0;
		};
/* End PBXShellScriptBuildPhase section */

/* Begin PBXSourcesBuildPhase section */
		661473AC1D41F50100641641 /* Sources */ = {
			isa = PBXSourcesBuildPhase;
			buildActionMask = 2147483647;
			files = (
				664426911D460FA200B90357 /* NSDateTestController.m in Sources */,
				6614741D1D41F57900641641 /* NSString+Common.m in Sources */,
				661474461D41F99C00641641 /* NSString+Emojize.m in Sources */,
				661474271D41F57900641641 /* UIViewController+Swizzle.m in Sources */,
				6614742E1D41F57900641641 /* UIView+PressMenu.m in Sources */,
				6614742C1D41F57900641641 /* NSTimer+Common.m in Sources */,
				661473BB1D41F50200641641 /* ViewController.m in Sources */,
				6644268A1D45E96000B90357 /* ImageSizeManager.m in Sources */,
				664426841D45E7DD00B90357 /* UITTTAttributedLabel.m in Sources */,
				661474211D41F57900641641 /* UIColor+expanded.m in Sources */,
				661474241D41F57900641641 /* UILabel+Common.m in Sources */,
				664426791D45E7DD00B90357 /* BasicPreviewItem.m in Sources */,
				6644267D1D45E7DD00B90357 /* Helper.m in Sources */,
				6644267E1D45E7DD00B90357 /* LocationHelper.m in Sources */,
				661474391D41F5F300641641 /* DownMenuCell.m in Sources */,
				661474251D41F57900641641 /* UITableView+Common.m in Sources */,
				6644267B1D45E7DD00B90357 /* EaseGitButtonsView.m in Sources */,
				661474301D41F57900641641 /* NSString+Attribute.m in Sources */,
				6614742A1D41F57900641641 /* NSURL+Common.m in Sources */,
				6614741F1D41F57900641641 /* UIButton+Bootstrap.m in Sources */,
				664426811D45E7DD00B90357 /* UILongPressMenuImageView.m in Sources */,
				661474281D41F57900641641 /* UIActionSheet+Common.m in Sources */,
				661474231D41F57900641641 /* UIImage+Common.m in Sources */,
				661474221D41F57900641641 /* UIDevice+Info.m in Sources */,
				661474311D41F57900641641 /* UIViewController+BackButtonHandler.m in Sources */,
				661474201D41F57900641641 /* UIButton+Common.m in Sources */,
				6614741C1D41F57900641641 /* NSObject+ObjectMap.m in Sources */,
				664426851D45E7DD00B90357 /* UIUnderlinedButton.m in Sources */,
				661474191D41F57900641641 /* NSDate+Common.m in Sources */,
				6614742B1D41F57900641641 /* UISearchBar+Common.m in Sources */,
				661474401D41F65500641641 /* NSDate+Helper.m in Sources */,
				661473B81D41F50200641641 /* AppDelegate.m in Sources */,
				664426831D45E7DD00B90357 /* UITapImageView.m in Sources */,
				6614742F1D41F57900641641 /* UIView+Frame.m in Sources */,
				6644267C1D45E7DD00B90357 /* EaseToolBar.m in Sources */,
				6614742D1D41F57900641641 /* NSMutableString+Common.m in Sources */,
				664426821D45E7DD00B90357 /* UIPlaceHolderTextView.m in Sources */,
				6644268D1D4602FE00B90357 /* MBProgressHUD+Add.m in Sources */,
				6614741A1D41F57900641641 /* NSDate+convenience.m in Sources */,
				6644267A1D45E7DD00B90357 /* EaseGitButton.m in Sources */,
				664426801D45E7DD00B90357 /* UICustomCollectionView.m in Sources */,
				6614743A1D41F5F300641641 /* UIDownMenuButton.m in Sources */,
				6614741E1D41F57900641641 /* UIBarButtonItem+Common.m in Sources */,
				661474261D41F57900641641 /* UIView+Common.m in Sources */,
				6614743B1D41F5F300641641 /* UIViewController+DownMenu.m in Sources */,
				6644267F1D45E7DD00B90357 /* UIBadgeView.m in Sources */,
				661474291D41F57900641641 /* UIActionSheet+Front.m in Sources */,
				6614741B1D41F57900641641 /* NSObject+Common.m in Sources */,
				664426861D45E7DD00B90357 /* UIVerticalAlignmentLabel.m in Sources */,
				661473B51D41F50200641641 /* main.m in Sources */,
			);
			runOnlyForDeploymentPostprocessing = 0;
		};
		661473C51D41F50200641641 /* Sources */ = {
			isa = PBXSourcesBuildPhase;
			buildActionMask = 2147483647;
			files = (
				661473CE1D41F50200641641 /* _1_Coding_IOS_UtilTests.m in Sources */,
			);
			runOnlyForDeploymentPostprocessing = 0;
		};
		661473D01D41F50200641641 /* Sources */ = {
			isa = PBXSourcesBuildPhase;
			buildActionMask = 2147483647;
			files = (
				661473D91D41F50200641641 /* _1_Coding_IOS_UtilUITests.m in Sources */,
			);
			runOnlyForDeploymentPostprocessing = 0;
		};
/* End PBXSourcesBuildPhase section */

/* Begin PBXTargetDependency section */
		661473CB1D41F50200641641 /* PBXTargetDependency */ = {
			isa = PBXTargetDependency;
			target = 661473AF1D41F50100641641 /* 01-Coding_IOS_Util */;
			targetProxy = 661473CA1D41F50200641641 /* PBXContainerItemProxy */;
		};
		661473D61D41F50200641641 /* PBXTargetDependency */ = {
			isa = PBXTargetDependency;
			target = 661473AF1D41F50100641641 /* 01-Coding_IOS_Util */;
			targetProxy = 661473D51D41F50200641641 /* PBXContainerItemProxy */;
		};
/* End PBXTargetDependency section */

/* Begin PBXVariantGroup section */
		661473C11D41F50200641641 /* LaunchScreen.storyboard */ = {
			isa = PBXVariantGroup;
			children = (
				661473C21D41F50200641641 /* Base */,
			);
			name = LaunchScreen.storyboard;
			sourceTree = "<group>";
		};
/* End PBXVariantGroup section */

/* Begin XCBuildConfiguration section */
		661473DB1D41F50200641641 /* Debug */ = {
			isa = XCBuildConfiguration;
			buildSettings = {
				ALWAYS_SEARCH_USER_PATHS = NO;
				CLANG_CXX_LANGUAGE_STANDARD = "gnu++0x";
				CLANG_CXX_LIBRARY = "libc++";
				CLANG_ENABLE_MODULES = YES;
				CLANG_ENABLE_OBJC_ARC = YES;
				CLANG_WARN_BOOL_CONVERSION = YES;
				CLANG_WARN_CONSTANT_CONVERSION = YES;
				CLANG_WARN_DIRECT_OBJC_ISA_USAGE = YES_ERROR;
				CLANG_WARN_EMPTY_BODY = YES;
				CLANG_WARN_ENUM_CONVERSION = YES;
				CLANG_WARN_INT_CONVERSION = YES;
				CLANG_WARN_OBJC_ROOT_CLASS = YES_ERROR;
				CLANG_WARN_UNREACHABLE_CODE = YES;
				CLANG_WARN__DUPLICATE_METHOD_MATCH = YES;
				"CODE_SIGN_IDENTITY[sdk=iphoneos*]" = "iPhone Developer";
				COPY_PHASE_STRIP = NO;
				DEBUG_INFORMATION_FORMAT = dwarf;
				ENABLE_STRICT_OBJC_MSGSEND = YES;
				ENABLE_TESTABILITY = YES;
				GCC_C_LANGUAGE_STANDARD = gnu99;
				GCC_DYNAMIC_NO_PIC = NO;
				GCC_NO_COMMON_BLOCKS = YES;
				GCC_OPTIMIZATION_LEVEL = 0;
				GCC_PREPROCESSOR_DEFINITIONS = (
					"DEBUG=1",
					"$(inherited)",
				);
				GCC_WARN_64_TO_32_BIT_CONVERSION = YES;
				GCC_WARN_ABOUT_RETURN_TYPE = YES_ERROR;
				GCC_WARN_UNDECLARED_SELECTOR = YES;
				GCC_WARN_UNINITIALIZED_AUTOS = YES_AGGRESSIVE;
				GCC_WARN_UNUSED_FUNCTION = YES;
				GCC_WARN_UNUSED_VARIABLE = YES;
				IPHONEOS_DEPLOYMENT_TARGET = 9.2;
				MTL_ENABLE_DEBUG_INFO = YES;
				ONLY_ACTIVE_ARCH = YES;
				SDKROOT = iphoneos;
				TARGETED_DEVICE_FAMILY = "1,2";
			};
			name = Debug;
		};
		661473DC1D41F50200641641 /* Release */ = {
			isa = XCBuildConfiguration;
			buildSettings = {
				ALWAYS_SEARCH_USER_PATHS = NO;
				CLANG_CXX_LANGUAGE_STANDARD = "gnu++0x";
				CLANG_CXX_LIBRARY = "libc++";
				CLANG_ENABLE_MODULES = YES;
				CLANG_ENABLE_OBJC_ARC = YES;
				CLANG_WARN_BOOL_CONVERSION = YES;
				CLANG_WARN_CONSTANT_CONVERSION = YES;
				CLANG_WARN_DIRECT_OBJC_ISA_USAGE = YES_ERROR;
				CLANG_WARN_EMPTY_BODY = YES;
				CLANG_WARN_ENUM_CONVERSION = YES;
				CLANG_WARN_INT_CONVERSION = YES;
				CLANG_WARN_OBJC_ROOT_CLASS = YES_ERROR;
				CLANG_WARN_UNREACHABLE_CODE = YES;
				CLANG_WARN__DUPLICATE_METHOD_MATCH = YES;
				"CODE_SIGN_IDENTITY[sdk=iphoneos*]" = "iPhone Developer";
				COPY_PHASE_STRIP = NO;
				DEBUG_INFORMATION_FORMAT = "dwarf-with-dsym";
				ENABLE_NS_ASSERTIONS = NO;
				ENABLE_STRICT_OBJC_MSGSEND = YES;
				GCC_C_LANGUAGE_STANDARD = gnu99;
				GCC_NO_COMMON_BLOCKS = YES;
				GCC_WARN_64_TO_32_BIT_CONVERSION = YES;
				GCC_WARN_ABOUT_RETURN_TYPE = YES_ERROR;
				GCC_WARN_UNDECLARED_SELECTOR = YES;
				GCC_WARN_UNINITIALIZED_AUTOS = YES_AGGRESSIVE;
				GCC_WARN_UNUSED_FUNCTION = YES;
				GCC_WARN_UNUSED_VARIABLE = YES;
				IPHONEOS_DEPLOYMENT_TARGET = 9.2;
				MTL_ENABLE_DEBUG_INFO = NO;
				SDKROOT = iphoneos;
				TARGETED_DEVICE_FAMILY = "1,2";
				VALIDATE_PRODUCT = YES;
			};
			name = Release;
		};
		661473DE1D41F50200641641 /* Debug */ = {
			isa = XCBuildConfiguration;
			baseConfigurationReference = FB39BE3A6CBF46877F17DEE2 /* Pods-01-Coding_IOS_Util.debug.xcconfig */;
			buildSettings = {
				ASSETCATALOG_COMPILER_APPICON_NAME = AppIcon;
				GCC_INCREASE_PRECOMPILED_HEADER_SHARING = YES;
				GCC_PREFIX_HEADER = "01-Coding_IOS_Util/Coding_iOS-Prefix.pch";
				INFOPLIST_FILE = "01-Coding_IOS_Util/Info.plist";
				LD_RUNPATH_SEARCH_PATHS = "$(inherited) @executable_path/Frameworks";
				PRODUCT_BUNDLE_IDENTIFIER = "com.qlf.www.-1-Coding-IOS-Util";
				PRODUCT_NAME = "$(TARGET_NAME)";
			};
			name = Debug;
		};
		661473DF1D41F50200641641 /* Release */ = {
			isa = XCBuildConfiguration;
			baseConfigurationReference = 25EBADEBFEC588611E99793B /* Pods-01-Coding_IOS_Util.release.xcconfig */;
			buildSettings = {
				ASSETCATALOG_COMPILER_APPICON_NAME = AppIcon;
				GCC_INCREASE_PRECOMPILED_HEADER_SHARING = YES;
				GCC_PREFIX_HEADER = "01-Coding_IOS_Util/Coding_iOS-Prefix.pch";
				INFOPLIST_FILE = "01-Coding_IOS_Util/Info.plist";
				LD_RUNPATH_SEARCH_PATHS = "$(inherited) @executable_path/Frameworks";
				PRODUCT_BUNDLE_IDENTIFIER = "com.qlf.www.-1-Coding-IOS-Util";
				PRODUCT_NAME = "$(TARGET_NAME)";
			};
			name = Release;
		};
		661473E11D41F50200641641 /* Debug */ = {
			isa = XCBuildConfiguration;
			buildSettings = {
				BUNDLE_LOADER = "$(TEST_HOST)";
				INFOPLIST_FILE = "01-Coding_IOS_UtilTests/Info.plist";
				LD_RUNPATH_SEARCH_PATHS = "$(inherited) @executable_path/Frameworks @loader_path/Frameworks";
				PRODUCT_BUNDLE_IDENTIFIER = "com.qlf.www.-1-Coding-IOS-UtilTests";
				PRODUCT_NAME = "$(TARGET_NAME)";
				TEST_HOST = "$(BUILT_PRODUCTS_DIR)/01-Coding_IOS_Util.app/01-Coding_IOS_Util";
			};
			name = Debug;
		};
		661473E21D41F50200641641 /* Release */ = {
			isa = XCBuildConfiguration;
			buildSettings = {
				BUNDLE_LOADER = "$(TEST_HOST)";
				INFOPLIST_FILE = "01-Coding_IOS_UtilTests/Info.plist";
				LD_RUNPATH_SEARCH_PATHS = "$(inherited) @executable_path/Frameworks @loader_path/Frameworks";
				PRODUCT_BUNDLE_IDENTIFIER = "com.qlf.www.-1-Coding-IOS-UtilTests";
				PRODUCT_NAME = "$(TARGET_NAME)";
				TEST_HOST = "$(BUILT_PRODUCTS_DIR)/01-Coding_IOS_Util.app/01-Coding_IOS_Util";
			};
			name = Release;
		};
		661473E41D41F50200641641 /* Debug */ = {
			isa = XCBuildConfiguration;
			buildSettings = {
				INFOPLIST_FILE = "01-Coding_IOS_UtilUITests/Info.plist";
				LD_RUNPATH_SEARCH_PATHS = "$(inherited) @executable_path/Frameworks @loader_path/Frameworks";
				PRODUCT_BUNDLE_IDENTIFIER = "com.qlf.www.-1-Coding-IOS-UtilUITests";
				PRODUCT_NAME = "$(TARGET_NAME)";
				TEST_TARGET_NAME = "01-Coding_IOS_Util";
				USES_XCTRUNNER = YES;
			};
			name = Debug;
		};
		661473E51D41F50200641641 /* Release */ = {
			isa = XCBuildConfiguration;
			buildSettings = {
				INFOPLIST_FILE = "01-Coding_IOS_UtilUITests/Info.plist";
				LD_RUNPATH_SEARCH_PATHS = "$(inherited) @executable_path/Frameworks @loader_path/Frameworks";
				PRODUCT_BUNDLE_IDENTIFIER = "com.qlf.www.-1-Coding-IOS-UtilUITests";
				PRODUCT_NAME = "$(TARGET_NAME)";
				TEST_TARGET_NAME = "01-Coding_IOS_Util";
				USES_XCTRUNNER = YES;
			};
			name = Release;
		};
/* End XCBuildConfiguration section */

/* Begin XCConfigurationList section */
		661473AB1D41F50100641641 /* Build configuration list for PBXProject "01-Coding_IOS_Util" */ = {
			isa = XCConfigurationList;
			buildConfigurations = (
				661473DB1D41F50200641641 /* Debug */,
				661473DC1D41F50200641641 /* Release */,
			);
			defaultConfigurationIsVisible = 0;
			defaultConfigurationName = Release;
		};
		661473DD1D41F50200641641 /* Build configuration list for PBXNativeTarget "01-Coding_IOS_Util" */ = {
			isa = XCConfigurationList;
			buildConfigurations = (
				661473DE1D41F50200641641 /* Debug */,
				661473DF1D41F50200641641 /* Release */,
			);
			defaultConfigurationIsVisible = 0;
			defaultConfigurationName = Release;
		};
		661473E01D41F50200641641 /* Build configuration list for PBXNativeTarget "01-Coding_IOS_UtilTests" */ = {
			isa = XCConfigurationList;
			buildConfigurations = (
				661473E11D41F50200641641 /* Debug */,
				661473E21D41F50200641641 /* Release */,
			);
			defaultConfigurationIsVisible = 0;
			defaultConfigurationName = Release;
		};
		661473E31D41F50200641641 /* Build configuration list for PBXNativeTarget "01-Coding_IOS_UtilUITests" */ = {
			isa = XCConfigurationList;
			buildConfigurations = (
				661473E41D41F50200641641 /* Debug */,
				661473E51D41F50200641641 /* Release */,
			);
			defaultConfigurationIsVisible = 0;
			defaultConfigurationName = Release;
		};
/* End XCConfigurationList section */
	};
	rootObject = 661473A81D41F50100641641 /* Project object */;
}
